
Microsoft Visual Studio Solution File, Format Version 12.00
# Visual Studio Version 17
VisualStudioVersion = 17.0.31903.59
MinimumVisualStudioVersion = 10.0.40219.1
Project("{2150E333-8FDC-42A3-9474-1A3956D46DE8}") = "src", "src", "{827E0CD3-B72D-47B6-A68D-7590B98EB39B}"
EndProject
Project("{2150E333-8FDC-42A3-9474-1A3956D46DE8}") = "Auth", "Auth", "{E134C235-D229-4C0D-6747-D71D21D31FBE}"
EndProject
Project("{FAE04EC0-301F-11D3-BF4B-00C04F79EFBC}") = "GameLending.Auth.Api", "src\Auth\GameLending.Auth.Api\GameLending.Auth.Api.csproj", "{0632BC24-B842-4836-9F53-27DF19493DD9}"
EndProject
Project("{FAE04EC0-301F-11D3-BF4B-00C04F79EFBC}") = "GameLending.Auth.Infrastructure", "src\Auth\GameLending.Auth.Infrastructure\GameLending.Auth.Infrastructure.csproj", "{E86E7317-E1AF-425C-B55E-B11D539A4590}"
EndProject
Project("{FAE04EC0-301F-11D3-BF4B-00C04F79EFBC}") = "GameLending.Auth.Application", "src\Auth\GameLending.Auth.Application\GameLending.Auth.Application.csproj", "{3AE931E5-32D8-4AFE-8660-D4CAD5AA3F10}"
EndProject
Project("{FAE04EC0-301F-11D3-BF4B-00C04F79EFBC}") = "GameLending.Auth.Domain", "src\Auth\GameLending.Auth.Domain\GameLending.Auth.Domain.csproj", "{1E0F1FFB-1631-4F76-894E-D7CF968FE233}"
EndProject
Project("{2150E333-8FDC-42A3-9474-1A3956D46DE8}") = "Shared", "Shared", "{C8E42992-5E42-0C2B-DBFE-AA848D06431C}"
EndProject
Project("{FAE04EC0-301F-11D3-BF4B-00C04F79EFBC}") = "GameLending.Security", "src\Shared\GameLending.Security\GameLending.Security.csproj", "{82811375-6082-4D3A-9F81-065FA297BA6E}"
EndProject
Project("{2150E333-8FDC-42A3-9474-1A3956D46DE8}") = "Bff", "Bff", "{B5512AA7-7B9B-1802-74DB-5DED17EB80F5}"
EndProject
Project("{FAE04EC0-301F-11D3-BF4B-00C04F79EFBC}") = "GameLending.Bff.Api", "src\Bff\GameLending.Bff.Api\GameLending.Bff.Api.csproj", "{008CE701-3C0A-4F7F-BAE8-F8E5F9385E1D}"
EndProject
Project("{FAE04EC0-301F-11D3-BF4B-00C04F79EFBC}") = "GameLending.Bff.Infrastructure", "src\Bff\GameLending.Bff.Infrastructure\GameLending.Bff.Infrastructure.csproj", "{788E1E73-0A60-40E4-B0B9-645D27302191}"
EndProject
Project("{FAE04EC0-301F-11D3-BF4B-00C04F79EFBC}") = "GameLending.Bff.Application", "src\Bff\GameLending.Bff.Application\GameLending.Bff.Application.csproj", "{69E69098-1E0C-4FE4-8B15-113EA5D9CFD6}"
EndProject
Project("{2150E333-8FDC-42A3-9474-1A3956D46DE8}") = "Core", "Core", "{8D626EA8-CB54-BC41-363A-217881BEBA6E}"
EndProject
Project("{FAE04EC0-301F-11D3-BF4B-00C04F79EFBC}") = "GameLending.Core.Api", "src\Core\GameLending.Core.Api\GameLending.Core.Api.csproj", "{7B731BF4-189C-4A2C-8C90-D005E154BD7B}"
EndProject
Project("{FAE04EC0-301F-11D3-BF4B-00C04F79EFBC}") = "GameLending.Core.Infrastructure", "src\Core\GameLending.Core.Infrastructure\GameLending.Core.Infrastructure.csproj", "{FEA737EE-129F-4A0A-A843-E949C33726E9}"
EndProject
Project("{FAE04EC0-301F-11D3-BF4B-00C04F79EFBC}") = "GameLending.Core.Application", "src\Core\GameLending.Core.Application\GameLending.Core.Application.csproj", "{D650A5DC-3F88-497B-82F2-9C69395EBCA6}"
EndProject
Project("{FAE04EC0-301F-11D3-BF4B-00C04F79EFBC}") = "GameLending.Core.Domain", "src\Core\GameLending.Core.Domain\GameLending.Core.Domain.csproj", "{5193B947-62B1-4944-84A3-91A19C4D7E89}"
EndProject
Project("{2150E333-8FDC-42A3-9474-1A3956D46DE8}") = "tests", "tests", "{0AB3BF05-4346-4AA6-1389-037BE0695223}"
EndProject
Project("{FAE04EC0-301F-11D3-BF4B-00C04F79EFBC}") = "GameLending.Auth.IntegrationTests", "tests\GameLending.Auth.IntegrationTests\GameLending.Auth.IntegrationTests.csproj", "{D34F2F46-EE5A-4107-B133-CE6633DD4DFE}"
EndProject
Project("{FAE04EC0-301F-11D3-BF4B-00C04F79EFBC}") = "GameLending.Auth.UnitTests", "tests\GameLending.Auth.UnitTests\GameLending.Auth.UnitTests.csproj", "{EFD882AF-874C-428F-A7ED-7D27B8A278FC}"
EndProject
Project("{FAE04EC0-301F-11D3-BF4B-00C04F79EFBC}") = "GameLending.Bff.IntegrationTests", "tests\GameLending.Bff.IntegrationTests\GameLending.Bff.IntegrationTests.csproj", "{8B9C7772-253D-43BA-A80E-4710F5F23537}"
EndProject
Project("{FAE04EC0-301F-11D3-BF4B-00C04F79EFBC}") = "GameLending.Bff.UnitTests", "tests\GameLending.Bff.UnitTests\GameLending.Bff.UnitTests.csproj", "{634D82E8-ACE6-4761-BCC6-434E4B0F2D3F}"
EndProject
Project("{FAE04EC0-301F-11D3-BF4B-00C04F79EFBC}") = "GameLending.Core.IntegrationTests", "tests\GameLending.Core.IntegrationTests\GameLending.Core.IntegrationTests.csproj", "{4FC0C76F-D45B-4B44-BDBA-38661BCF6E50}"
EndProject
Project("{FAE04EC0-301F-11D3-BF4B-00C04F79EFBC}") = "GameLending.Core.UnitTests", "tests\GameLending.Core.UnitTests\GameLending.Core.UnitTests.csproj", "{052CDA2C-594A-45ED-B039-2558E5EACA20}"
EndProject
Global
	GlobalSection(SolutionConfigurationPlatforms) = preSolution
		Debug|Any CPU = Debug|Any CPU
		Debug|x64 = Debug|x64
		Debug|x86 = Debug|x86
		Release|Any CPU = Release|Any CPU
		Release|x64 = Release|x64
		Release|x86 = Release|x86
	EndGlobalSection
	GlobalSection(ProjectConfigurationPlatforms) = postSolution
		{0632BC24-B842-4836-9F53-27DF19493DD9}.Debug|Any CPU.ActiveCfg = Debug|Any CPU
		{0632BC24-B842-4836-9F53-27DF19493DD9}.Debug|Any CPU.Build.0 = Debug|Any CPU
		{0632BC24-B842-4836-9F53-27DF19493DD9}.Debug|x64.ActiveCfg = Debug|Any CPU
		{0632BC24-B842-4836-9F53-27DF19493DD9}.Debug|x64.Build.0 = Debug|Any CPU
		{0632BC24-B842-4836-9F53-27DF19493DD9}.Debug|x86.ActiveCfg = Debug|Any CPU
		{0632BC24-B842-4836-9F53-27DF19493DD9}.Debug|x86.Build.0 = Debug|Any CPU
		{0632BC24-B842-4836-9F53-27DF19493DD9}.Release|Any CPU.ActiveCfg = Release|Any CPU
		{0632BC24-B842-4836-9F53-27DF19493DD9}.Release|Any CPU.Build.0 = Release|Any CPU
		{0632BC24-B842-4836-9F53-27DF19493DD9}.Release|x64.ActiveCfg = Release|Any CPU
		{0632BC24-B842-4836-9F53-27DF19493DD9}.Release|x64.Build.0 = Release|Any CPU
		{0632BC24-B842-4836-9F53-27DF19493DD9}.Release|x86.ActiveCfg = Release|Any CPU
		{0632BC24-B842-4836-9F53-27DF19493DD9}.Release|x86.Build.0 = Release|Any CPU
		{E86E7317-E1AF-425C-B55E-B11D539A4590}.Debug|Any CPU.ActiveCfg = Debug|Any CPU
		{E86E7317-E1AF-425C-B55E-B11D539A4590}.Debug|Any CPU.Build.0 = Debug|Any CPU
		{E86E7317-E1AF-425C-B55E-B11D539A4590}.Debug|x64.ActiveCfg = Debug|Any CPU
		{E86E7317-E1AF-425C-B55E-B11D539A4590}.Debug|x64.Build.0 = Debug|Any CPU
		{E86E7317-E1AF-425C-B55E-B11D539A4590}.Debug|x86.ActiveCfg = Debug|Any CPU
		{E86E7317-E1AF-425C-B55E-B11D539A4590}.Debug|x86.Build.0 = Debug|Any CPU
		{E86E7317-E1AF-425C-B55E-B11D539A4590}.Release|Any CPU.ActiveCfg = Release|Any CPU
		{E86E7317-E1AF-425C-B55E-B11D539A4590}.Release|Any CPU.Build.0 = Release|Any CPU
		{E86E7317-E1AF-425C-B55E-B11D539A4590}.Release|x64.ActiveCfg = Release|Any CPU
		{E86E7317-E1AF-425C-B55E-B11D539A4590}.Release|x64.Build.0 = Release|Any CPU
		{E86E7317-E1AF-425C-B55E-B11D539A4590}.Release|x86.ActiveCfg = Release|Any CPU
		{E86E7317-E1AF-425C-B55E-B11D539A4590}.Release|x86.Build.0 = Release|Any CPU
		{3AE931E5-32D8-4AFE-8660-D4CAD5AA3F10}.Debug|Any CPU.ActiveCfg = Debug|Any CPU
		{3AE931E5-32D8-4AFE-8660-D4CAD5AA3F10}.Debug|Any CPU.Build.0 = Debug|Any CPU
		{3AE931E5-32D8-4AFE-8660-D4CAD5AA3F10}.Debug|x64.ActiveCfg = Debug|Any CPU
		{3AE931E5-32D8-4AFE-8660-D4CAD5AA3F10}.Debug|x64.Build.0 = Debug|Any CPU
		{3AE931E5-32D8-4AFE-8660-D4CAD5AA3F10}.Debug|x86.ActiveCfg = Debug|Any CPU
		{3AE931E5-32D8-4AFE-8660-D4CAD5AA3F10}.Debug|x86.Build.0 = Debug|Any CPU
		{3AE931E5-32D8-4AFE-8660-D4CAD5AA3F10}.Release|Any CPU.ActiveCfg = Release|Any CPU
		{3AE931E5-32D8-4AFE-8660-D4CAD5AA3F10}.Release|Any CPU.Build.0 = Release|Any CPU
		{3AE931E5-32D8-4AFE-8660-D4CAD5AA3F10}.Release|x64.ActiveCfg = Release|Any CPU
		{3AE931E5-32D8-4AFE-8660-D4CAD5AA3F10}.Release|x64.Build.0 = Release|Any CPU
		{3AE931E5-32D8-4AFE-8660-D4CAD5AA3F10}.Release|x86.ActiveCfg = Release|Any CPU
		{3AE931E5-32D8-4AFE-8660-D4CAD5AA3F10}.Release|x86.Build.0 = Release|Any CPU
		{1E0F1FFB-1631-4F76-894E-D7CF968FE233}.Debug|Any CPU.ActiveCfg = Debug|Any CPU
		{1E0F1FFB-1631-4F76-894E-D7CF968FE233}.Debug|Any CPU.Build.0 = Debug|Any CPU
		{1E0F1FFB-1631-4F76-894E-D7CF968FE233}.Debug|x64.ActiveCfg = Debug|Any CPU
		{1E0F1FFB-1631-4F76-894E-D7CF968FE233}.Debug|x64.Build.0 = Debug|Any CPU
		{1E0F1FFB-1631-4F76-894E-D7CF968FE233}.Debug|x86.ActiveCfg = Debug|Any CPU
		{1E0F1FFB-1631-4F76-894E-D7CF968FE233}.Debug|x86.Build.0 = Debug|Any CPU
		{1E0F1FFB-1631-4F76-894E-D7CF968FE233}.Release|Any CPU.ActiveCfg = Release|Any CPU
		{1E0F1FFB-1631-4F76-894E-D7CF968FE233}.Release|Any CPU.Build.0 = Release|Any CPU
		{1E0F1FFB-1631-4F76-894E-D7CF968FE233}.Release|x64.ActiveCfg = Release|Any CPU
		{1E0F1FFB-1631-4F76-894E-D7CF968FE233}.Release|x64.Build.0 = Release|Any CPU
		{1E0F1FFB-1631-4F76-894E-D7CF968FE233}.Release|x86.ActiveCfg = Release|Any CPU
		{1E0F1FFB-1631-4F76-894E-D7CF968FE233}.Release|x86.Build.0 = Release|Any CPU
		{82811375-6082-4D3A-9F81-065FA297BA6E}.Debug|Any CPU.ActiveCfg = Debug|Any CPU
		{82811375-6082-4D3A-9F81-065FA297BA6E}.Debug|Any CPU.Build.0 = Debug|Any CPU
		{82811375-6082-4D3A-9F81-065FA297BA6E}.Debug|x64.ActiveCfg = Debug|Any CPU
		{82811375-6082-4D3A-9F81-065FA297BA6E}.Debug|x64.Build.0 = Debug|Any CPU
		{82811375-6082-4D3A-9F81-065FA297BA6E}.Debug|x86.ActiveCfg = Debug|Any CPU
		{82811375-6082-4D3A-9F81-065FA297BA6E}.Debug|x86.Build.0 = Debug|Any CPU
		{82811375-6082-4D3A-9F81-065FA297BA6E}.Release|Any CPU.ActiveCfg = Release|Any CPU
		{82811375-6082-4D3A-9F81-065FA297BA6E}.Release|Any CPU.Build.0 = Release|Any CPU
		{82811375-6082-4D3A-9F81-065FA297BA6E}.Release|x64.ActiveCfg = Release|Any CPU
		{82811375-6082-4D3A-9F81-065FA297BA6E}.Release|x64.Build.0 = Release|Any CPU
		{82811375-6082-4D3A-9F81-065FA297BA6E}.Release|x86.ActiveCfg = Release|Any CPU
		{82811375-6082-4D3A-9F81-065FA297BA6E}.Release|x86.Build.0 = Release|Any CPU
		{008CE701-3C0A-4F7F-BAE8-F8E5F9385E1D}.Debug|Any CPU.ActiveCfg = Debug|Any CPU
		{008CE701-3C0A-4F7F-BAE8-F8E5F9385E1D}.Debug|Any CPU.Build.0 = Debug|Any CPU
		{008CE701-3C0A-4F7F-BAE8-F8E5F9385E1D}.Debug|x64.ActiveCfg = Debug|Any CPU
		{008CE701-3C0A-4F7F-BAE8-F8E5F9385E1D}.Debug|x64.Build.0 = Debug|Any CPU
		{008CE701-3C0A-4F7F-BAE8-F8E5F9385E1D}.Debug|x86.ActiveCfg = Debug|Any CPU
		{008CE701-3C0A-4F7F-BAE8-F8E5F9385E1D}.Debug|x86.Build.0 = Debug|Any CPU
		{008CE701-3C0A-4F7F-BAE8-F8E5F9385E1D}.Release|Any CPU.ActiveCfg = Release|Any CPU
		{008CE701-3C0A-4F7F-BAE8-F8E5F9385E1D}.Release|Any CPU.Build.0 = Release|Any CPU
		{008CE701-3C0A-4F7F-BAE8-F8E5F9385E1D}.Release|x64.ActiveCfg = Release|Any CPU
		{008CE701-3C0A-4F7F-BAE8-F8E5F9385E1D}.Release|x64.Build.0 = Release|Any CPU
		{008CE701-3C0A-4F7F-BAE8-F8E5F9385E1D}.Release|x86.ActiveCfg = Release|Any CPU
		{008CE701-3C0A-4F7F-BAE8-F8E5F9385E1D}.Release|x86.Build.0 = Release|Any CPU
		{788E1E73-0A60-40E4-B0B9-645D27302191}.Debug|Any CPU.ActiveCfg = Debug|Any CPU
		{788E1E73-0A60-40E4-B0B9-645D27302191}.Debug|Any CPU.Build.0 = Debug|Any CPU
		{788E1E73-0A60-40E4-B0B9-645D27302191}.Debug|x64.ActiveCfg = Debug|Any CPU
		{788E1E73-0A60-40E4-B0B9-645D27302191}.Debug|x64.Build.0 = Debug|Any CPU
		{788E1E73-0A60-40E4-B0B9-645D27302191}.Debug|x86.ActiveCfg = Debug|Any CPU
		{788E1E73-0A60-40E4-B0B9-645D27302191}.Debug|x86.Build.0 = Debug|Any CPU
		{788E1E73-0A60-40E4-B0B9-645D27302191}.Release|Any CPU.ActiveCfg = Release|Any CPU
		{788E1E73-0A60-40E4-B0B9-645D27302191}.Release|Any CPU.Build.0 = Release|Any CPU
		{788E1E73-0A60-40E4-B0B9-645D27302191}.Release|x64.ActiveCfg = Release|Any CPU
		{788E1E73-0A60-40E4-B0B9-645D27302191}.Release|x64.Build.0 = Release|Any CPU
		{788E1E73-0A60-40E4-B0B9-645D27302191}.Release|x86.ActiveCfg = Release|Any CPU
		{788E1E73-0A60-40E4-B0B9-645D27302191}.Release|x86.Build.0 = Release|Any CPU
		{69E69098-1E0C-4FE4-8B15-113EA5D9CFD6}.Debug|Any CPU.ActiveCfg = Debug|Any CPU
		{69E69098-1E0C-4FE4-8B15-113EA5D9CFD6}.Debug|Any CPU.Build.0 = Debug|Any CPU
		{69E69098-1E0C-4FE4-8B15-113EA5D9CFD6}.Debug|x64.ActiveCfg = Debug|Any CPU
		{69E69098-1E0C-4FE4-8B15-113EA5D9CFD6}.Debug|x64.Build.0 = Debug|Any CPU
		{69E69098-1E0C-4FE4-8B15-113EA5D9CFD6}.Debug|x86.ActiveCfg = Debug|Any CPU
		{69E69098-1E0C-4FE4-8B15-113EA5D9CFD6}.Debug|x86.Build.0 = Debug|Any CPU
		{69E69098-1E0C-4FE4-8B15-113EA5D9CFD6}.Release|Any CPU.ActiveCfg = Release|Any CPU
		{69E69098-1E0C-4FE4-8B15-113EA5D9CFD6}.Release|Any CPU.Build.0 = Release|Any CPU
		{69E69098-1E0C-4FE4-8B15-113EA5D9CFD6}.Release|x64.ActiveCfg = Release|Any CPU
		{69E69098-1E0C-4FE4-8B15-113EA5D9CFD6}.Release|x64.Build.0 = Release|Any CPU
		{69E69098-1E0C-4FE4-8B15-113EA5D9CFD6}.Release|x86.ActiveCfg = Release|Any CPU
		{69E69098-1E0C-4FE4-8B15-113EA5D9CFD6}.Release|x86.Build.0 = Release|Any CPU
		{7B731BF4-189C-4A2C-8C90-D005E154BD7B}.Debug|Any CPU.ActiveCfg = Debug|Any CPU
		{7B731BF4-189C-4A2C-8C90-D005E154BD7B}.Debug|Any CPU.Build.0 = Debug|Any CPU
		{7B731BF4-189C-4A2C-8C90-D005E154BD7B}.Debug|x64.ActiveCfg = Debug|Any CPU
		{7B731BF4-189C-4A2C-8C90-D005E154BD7B}.Debug|x64.Build.0 = Debug|Any CPU
		{7B731BF4-189C-4A2C-8C90-D005E154BD7B}.Debug|x86.ActiveCfg = Debug|Any CPU
		{7B731BF4-189C-4A2C-8C90-D005E154BD7B}.Debug|x86.Build.0 = Debug|Any CPU
		{7B731BF4-189C-4A2C-8C90-D005E154BD7B}.Release|Any CPU.ActiveCfg = Release|Any CPU
		{7B731BF4-189C-4A2C-8C90-D005E154BD7B}.Release|Any CPU.Build.0 = Release|Any CPU
		{7B731BF4-189C-4A2C-8C90-D005E154BD7B}.Release|x64.ActiveCfg = Release|Any CPU
		{7B731BF4-189C-4A2C-8C90-D005E154BD7B}.Release|x64.Build.0 = Release|Any CPU
		{7B731BF4-189C-4A2C-8C90-D005E154BD7B}.Release|x86.ActiveCfg = Release|Any CPU
		{7B731BF4-189C-4A2C-8C90-D005E154BD7B}.Release|x86.Build.0 = Release|Any CPU
		{FEA737EE-129F-4A0A-A843-E949C33726E9}.Debug|Any CPU.ActiveCfg = Debug|Any CPU
		{FEA737EE-129F-4A0A-A843-E949C33726E9}.Debug|Any CPU.Build.0 = Debug|Any CPU
		{FEA737EE-129F-4A0A-A843-E949C33726E9}.Debug|x64.ActiveCfg = Debug|Any CPU
		{FEA737EE-129F-4A0A-A843-E949C33726E9}.Debug|x64.Build.0 = Debug|Any CPU
		{FEA737EE-129F-4A0A-A843-E949C33726E9}.Debug|x86.ActiveCfg = Debug|Any CPU
		{FEA737EE-129F-4A0A-A843-E949C33726E9}.Debug|x86.Build.0 = Debug|Any CPU
		{FEA737EE-129F-4A0A-A843-E949C33726E9}.Release|Any CPU.ActiveCfg = Release|Any CPU
		{FEA737EE-129F-4A0A-A843-E949C33726E9}.Release|Any CPU.Build.0 = Release|Any CPU
		{FEA737EE-129F-4A0A-A843-E949C33726E9}.Release|x64.ActiveCfg = Release|Any CPU
		{FEA737EE-129F-4A0A-A843-E949C33726E9}.Release|x64.Build.0 = Release|Any CPU
		{FEA737EE-129F-4A0A-A843-E949C33726E9}.Release|x86.ActiveCfg = Release|Any CPU
		{FEA737EE-129F-4A0A-A843-E949C33726E9}.Release|x86.Build.0 = Release|Any CPU
		{D650A5DC-3F88-497B-82F2-9C69395EBCA6}.Debug|Any CPU.ActiveCfg = Debug|Any CPU
		{D650A5DC-3F88-497B-82F2-9C69395EBCA6}.Debug|Any CPU.Build.0 = Debug|Any CPU
		{D650A5DC-3F88-497B-82F2-9C69395EBCA6}.Debug|x64.ActiveCfg = Debug|Any CPU
		{D650A5DC-3F88-497B-82F2-9C69395EBCA6}.Debug|x64.Build.0 = Debug|Any CPU
		{D650A5DC-3F88-497B-82F2-9C69395EBCA6}.Debug|x86.ActiveCfg = Debug|Any CPU
		{D650A5DC-3F88-497B-82F2-9C69395EBCA6}.Debug|x86.Build.0 = Debug|Any CPU
		{D650A5DC-3F88-497B-82F2-9C69395EBCA6}.Release|Any CPU.ActiveCfg = Release|Any CPU
		{D650A5DC-3F88-497B-82F2-9C69395EBCA6}.Release|Any CPU.Build.0 = Release|Any CPU
		{D650A5DC-3F88-497B-82F2-9C69395EBCA6}.Release|x64.ActiveCfg = Release|Any CPU
		{D650A5DC-3F88-497B-82F2-9C69395EBCA6}.Release|x64.Build.0 = Release|Any CPU
		{D650A5DC-3F88-497B-82F2-9C69395EBCA6}.Release|x86.ActiveCfg = Release|Any CPU
		{D650A5DC-3F88-497B-82F2-9C69395EBCA6}.Release|x86.Build.0 = Release|Any CPU
		{5193B947-62B1-4944-84A3-91A19C4D7E89}.Debug|Any CPU.ActiveCfg = Debug|Any CPU
		{5193B947-62B1-4944-84A3-91A19C4D7E89}.Debug|Any CPU.Build.0 = Debug|Any CPU
		{5193B947-62B1-4944-84A3-91A19C4D7E89}.Debug|x64.ActiveCfg = Debug|Any CPU
		{5193B947-62B1-4944-84A3-91A19C4D7E89}.Debug|x64.Build.0 = Debug|Any CPU
		{5193B947-62B1-4944-84A3-91A19C4D7E89}.Debug|x86.ActiveCfg = Debug|Any CPU
		{5193B947-62B1-4944-84A3-91A19C4D7E89}.Debug|x86.Build.0 = Debug|Any CPU
		{5193B947-62B1-4944-84A3-91A19C4D7E89}.Release|Any CPU.ActiveCfg = Release|Any CPU
		{5193B947-62B1-4944-84A3-91A19C4D7E89}.Release|Any CPU.Build.0 = Release|Any CPU
		{5193B947-62B1-4944-84A3-91A19C4D7E89}.Release|x64.ActiveCfg = Release|Any CPU
		{5193B947-62B1-4944-84A3-91A19C4D7E89}.Release|x64.Build.0 = Release|Any CPU
		{5193B947-62B1-4944-84A3-91A19C4D7E89}.Release|x86.ActiveCfg = Release|Any CPU
		{5193B947-62B1-4944-84A3-91A19C4D7E89}.Release|x86.Build.0 = Release|Any CPU
		{D34F2F46-EE5A-4107-B133-CE6633DD4DFE}.Debug|Any CPU.ActiveCfg = Debug|Any CPU
		{D34F2F46-EE5A-4107-B133-CE6633DD4DFE}.Debug|Any CPU.Build.0 = Debug|Any CPU
		{D34F2F46-EE5A-4107-B133-CE6633DD4DFE}.Debug|x64.ActiveCfg = Debug|Any CPU
		{D34F2F46-EE5A-4107-B133-CE6633DD4DFE}.Debug|x64.Build.0 = Debug|Any CPU
		{D34F2F46-EE5A-4107-B133-CE6633DD4DFE}.Debug|x86.ActiveCfg = Debug|Any CPU
		{D34F2F46-EE5A-4107-B133-CE6633DD4DFE}.Debug|x86.Build.0 = Debug|Any CPU
		{D34F2F46-EE5A-4107-B133-CE6633DD4DFE}.Release|Any CPU.ActiveCfg = Release|Any CPU
		{D34F2F46-EE5A-4107-B133-CE6633DD4DFE}.Release|Any CPU.Build.0 = Release|Any CPU
		{D34F2F46-EE5A-4107-B133-CE6633DD4DFE}.Release|x64.ActiveCfg = Release|Any CPU
		{D34F2F46-EE5A-4107-B133-CE6633DD4DFE}.Release|x64.Build.0 = Release|Any CPU
		{D34F2F46-EE5A-4107-B133-CE6633DD4DFE}.Release|x86.ActiveCfg = Release|Any CPU
		{D34F2F46-EE5A-4107-B133-CE6633DD4DFE}.Release|x86.Build.0 = Release|Any CPU
		{EFD882AF-874C-428F-A7ED-7D27B8A278FC}.Debug|Any CPU.ActiveCfg = Debug|Any CPU
		{EFD882AF-874C-428F-A7ED-7D27B8A278FC}.Debug|Any CPU.Build.0 = Debug|Any CPU
		{EFD882AF-874C-428F-A7ED-7D27B8A278FC}.Debug|x64.ActiveCfg = Debug|Any CPU
		{EFD882AF-874C-428F-A7ED-7D27B8A278FC}.Debug|x64.Build.0 = Debug|Any CPU
		{EFD882AF-874C-428F-A7ED-7D27B8A278FC}.Debug|x86.ActiveCfg = Debug|Any CPU
		{EFD882AF-874C-428F-A7ED-7D27B8A278FC}.Debug|x86.Build.0 = Debug|Any CPU
		{EFD882AF-874C-428F-A7ED-7D27B8A278FC}.Release|Any CPU.ActiveCfg = Release|Any CPU
		{EFD882AF-874C-428F-A7ED-7D27B8A278FC}.Release|Any CPU.Build.0 = Release|Any CPU
		{EFD882AF-874C-428F-A7ED-7D27B8A278FC}.Release|x64.ActiveCfg = Release|Any CPU
		{EFD882AF-874C-428F-A7ED-7D27B8A278FC}.Release|x64.Build.0 = Release|Any CPU
		{EFD882AF-874C-428F-A7ED-7D27B8A278FC}.Release|x86.ActiveCfg = Release|Any CPU
		{EFD882AF-874C-428F-A7ED-7D27B8A278FC}.Release|x86.Build.0 = Release|Any CPU
		{8B9C7772-253D-43BA-A80E-4710F5F23537}.Debug|Any CPU.ActiveCfg = Debug|Any CPU
		{8B9C7772-253D-43BA-A80E-4710F5F23537}.Debug|Any CPU.Build.0 = Debug|Any CPU
		{8B9C7772-253D-43BA-A80E-4710F5F23537}.Debug|x64.ActiveCfg = Debug|Any CPU
		{8B9C7772-253D-43BA-A80E-4710F5F23537}.Debug|x64.Build.0 = Debug|Any CPU
		{8B9C7772-253D-43BA-A80E-4710F5F23537}.Debug|x86.ActiveCfg = Debug|Any CPU
		{8B9C7772-253D-43BA-A80E-4710F5F23537}.Debug|x86.Build.0 = Debug|Any CPU
		{8B9C7772-253D-43BA-A80E-4710F5F23537}.Release|Any CPU.ActiveCfg = Release|Any CPU
		{8B9C7772-253D-43BA-A80E-4710F5F23537}.Release|Any CPU.Build.0 = Release|Any CPU
		{8B9C7772-253D-43BA-A80E-4710F5F23537}.Release|x64.ActiveCfg = Release|Any CPU
		{8B9C7772-253D-43BA-A80E-4710F5F23537}.Release|x64.Build.0 = Release|Any CPU
		{8B9C7772-253D-43BA-A80E-4710F5F23537}.Release|x86.ActiveCfg = Release|Any CPU
		{8B9C7772-253D-43BA-A80E-4710F5F23537}.Release|x86.Build.0 = Release|Any CPU
		{634D82E8-ACE6-4761-BCC6-434E4B0F2D3F}.Debug|Any CPU.ActiveCfg = Debug|Any CPU
		{634D82E8-ACE6-4761-BCC6-434E4B0F2D3F}.Debug|Any CPU.Build.0 = Debug|Any CPU
		{634D82E8-ACE6-4761-BCC6-434E4B0F2D3F}.Debug|x64.ActiveCfg = Debug|Any CPU
		{634D82E8-ACE6-4761-BCC6-434E4B0F2D3F}.Debug|x64.Build.0 = Debug|Any CPU
		{634D82E8-ACE6-4761-BCC6-434E4B0F2D3F}.Debug|x86.ActiveCfg = Debug|Any CPU
		{634D82E8-ACE6-4761-BCC6-434E4B0F2D3F}.Debug|x86.Build.0 = Debug|Any CPU
		{634D82E8-ACE6-4761-BCC6-434E4B0F2D3F}.Release|Any CPU.ActiveCfg = Release|Any CPU
		{634D82E8-ACE6-4761-BCC6-434E4B0F2D3F}.Release|Any CPU.Build.0 = Release|Any CPU
		{634D82E8-ACE6-4761-BCC6-434E4B0F2D3F}.Release|x64.ActiveCfg = Release|Any CPU
		{634D82E8-ACE6-4761-BCC6-434E4B0F2D3F}.Release|x64.Build.0 = Release|Any CPU
		{634D82E8-ACE6-4761-BCC6-434E4B0F2D3F}.Release|x86.ActiveCfg = Release|Any CPU
		{634D82E8-ACE6-4761-BCC6-434E4B0F2D3F}.Release|x86.Build.0 = Release|Any CPU
		{4FC0C76F-D45B-4B44-BDBA-38661BCF6E50}.Debug|Any CPU.ActiveCfg = Debug|Any CPU
		{4FC0C76F-D45B-4B44-BDBA-38661BCF6E50}.Debug|Any CPU.Build.0 = Debug|Any CPU
		{4FC0C76F-D45B-4B44-BDBA-38661BCF6E50}.Debug|x64.ActiveCfg = Debug|Any CPU
		{4FC0C76F-D45B-4B44-BDBA-38661BCF6E50}.Debug|x64.Build.0 = Debug|Any CPU
		{4FC0C76F-D45B-4B44-BDBA-38661BCF6E50}.Debug|x86.ActiveCfg = Debug|Any CPU
		{4FC0C76F-D45B-4B44-BDBA-38661BCF6E50}.Debug|x86.Build.0 = Debug|Any CPU
		{4FC0C76F-D45B-4B44-BDBA-38661BCF6E50}.Release|Any CPU.ActiveCfg = Release|Any CPU
		{4FC0C76F-D45B-4B44-BDBA-38661BCF6E50}.Release|Any CPU.Build.0 = Release|Any CPU
		{4FC0C76F-D45B-4B44-BDBA-38661BCF6E50}.Release|x64.ActiveCfg = Release|Any CPU
		{4FC0C76F-D45B-4B44-BDBA-38661BCF6E50}.Release|x64.Build.0 = Release|Any CPU
		{4FC0C76F-D45B-4B44-BDBA-38661BCF6E50}.Release|x86.ActiveCfg = Release|Any CPU
		{4FC0C76F-D45B-4B44-BDBA-38661BCF6E50}.Release|x86.Build.0 = Release|Any CPU
		{052CDA2C-594A-45ED-B039-2558E5EACA20}.Debug|Any CPU.ActiveCfg = Debug|Any CPU
		{052CDA2C-594A-45ED-B039-2558E5EACA20}.Debug|Any CPU.Build.0 = Debug|Any CPU
		{052CDA2C-594A-45ED-B039-2558E5EACA20}.Debug|x64.ActiveCfg = Debug|Any CPU
		{052CDA2C-594A-45ED-B039-2558E5EACA20}.Debug|x64.Build.0 = Debug|Any CPU
		{052CDA2C-594A-45ED-B039-2558E5EACA20}.Debug|x86.ActiveCfg = Debug|Any CPU
		{052CDA2C-594A-45ED-B039-2558E5EACA20}.Debug|x86.Build.0 = Debug|Any CPU
		{052CDA2C-594A-45ED-B039-2558E5EACA20}.Release|Any CPU.ActiveCfg = Release|Any CPU
		{052CDA2C-594A-45ED-B039-2558E5EACA20}.Release|Any CPU.Build.0 = Release|Any CPU
		{052CDA2C-594A-45ED-B039-2558E5EACA20}.Release|x64.ActiveCfg = Release|Any CPU
		{052CDA2C-594A-45ED-B039-2558E5EACA20}.Release|x64.Build.0 = Release|Any CPU
		{052CDA2C-594A-45ED-B039-2558E5EACA20}.Release|x86.ActiveCfg = Release|Any CPU
		{052CDA2C-594A-45ED-B039-2558E5EACA20}.Release|x86.Build.0 = Release|Any CPU
	EndGlobalSection
	GlobalSection(SolutionProperties) = preSolution
		HideSolutionNode = FALSE
	EndGlobalSection
	GlobalSection(NestedProjects) = preSolution
		{E134C235-D229-4C0D-6747-D71D21D31FBE} = {827E0CD3-B72D-47B6-A68D-7590B98EB39B}
		{0632BC24-B842-4836-9F53-27DF19493DD9} = {E134C235-D229-4C0D-6747-D71D21D31FBE}
		{E86E7317-E1AF-425C-B55E-B11D539A4590} = {E134C235-D229-4C0D-6747-D71D21D31FBE}
		{3AE931E5-32D8-4AFE-8660-D4CAD5AA3F10} = {E134C235-D229-4C0D-6747-D71D21D31FBE}
		{1E0F1FFB-1631-4F76-894E-D7CF968FE233} = {E134C235-D229-4C0D-6747-D71D21D31FBE}
		{C8E42992-5E42-0C2B-DBFE-AA848D06431C} = {827E0CD3-B72D-47B6-A68D-7590B98EB39B}
		{82811375-6082-4D3A-9F81-065FA297BA6E} = {C8E42992-5E42-0C2B-DBFE-AA848D06431C}
		{B5512AA7-7B9B-1802-74DB-5DED17EB80F5} = {827E0CD3-B72D-47B6-A68D-7590B98EB39B}
		{008CE701-3C0A-4F7F-BAE8-F8E5F9385E1D} = {B5512AA7-7B9B-1802-74DB-5DED17EB80F5}
		{788E1E73-0A60-40E4-B0B9-645D27302191} = {B5512AA7-7B9B-1802-74DB-5DED17EB80F5}
		{69E69098-1E0C-4FE4-8B15-113EA5D9CFD6} = {B5512AA7-7B9B-1802-74DB-5DED17EB80F5}
		{8D626EA8-CB54-BC41-363A-217881BEBA6E} = {827E0CD3-B72D-47B6-A68D-7590B98EB39B}
		{7B731BF4-189C-4A2C-8C90-D005E154BD7B} = {8D626EA8-CB54-BC41-363A-217881BEBA6E}
		{FEA737EE-129F-4A0A-A843-E949C33726E9} = {8D626EA8-CB54-BC41-363A-217881BEBA6E}
		{D650A5DC-3F88-497B-82F2-9C69395EBCA6} = {8D626EA8-CB54-BC41-363A-217881BEBA6E}
		{5193B947-62B1-4944-84A3-91A19C4D7E89} = {8D626EA8-CB54-BC41-363A-217881BEBA6E}
		{D34F2F46-EE5A-4107-B133-CE6633DD4DFE} = {0AB3BF05-4346-4AA6-1389-037BE0695223}
		{EFD882AF-874C-428F-A7ED-7D27B8A278FC} = {0AB3BF05-4346-4AA6-1389-037BE0695223}
		{8B9C7772-253D-43BA-A80E-4710F5F23537} = {0AB3BF05-4346-4AA6-1389-037BE0695223}
		{634D82E8-ACE6-4761-BCC6-434E4B0F2D3F} = {0AB3BF05-4346-4AA6-1389-037BE0695223}
		{4FC0C76F-D45B-4B44-BDBA-38661BCF6E50} = {0AB3BF05-4346-4AA6-1389-037BE0695223}
		{052CDA2C-594A-45ED-B039-2558E5EACA20} = {0AB3BF05-4346-4AA6-1389-037BE0695223}
	EndGlobalSection
EndGlobal
